
Microsoft Visual Studio Solution File, Format Version 12.00
# Visual Studio Version 17
VisualStudioVersion = 17.3.32825.248
MinimumVisualStudioVersion = 10.0.40219.1
Project("{FAE04EC0-301F-11D3-BF4B-00C04F79EFBC}") = "imndegy", "imndegy\imndegy.csproj", "{8BA6FAC8-E278-4B96-AF6B-1F489C68900F}"
EndProject
Global
	GlobalSection(SolutionConfigurationPlatforms) = preSolution
		Debug|Any CPU = Debug|Any CPU
		Release|Any CPU = Release|Any CPU
	EndGlobalSection
	GlobalSection(ProjectConfigurationPlatforms) = postSolution
		{8BA6FAC8-E278-4B96-AF6B-1F489C68900F}.Debug|Any CPU.ActiveCfg = Debug|Any CPU
		{8BA6FAC8-E278-4B96-AF6B-1F489C68900F}.Debug|Any CPU.Build.0 = Debug|Any CPU
		{8BA6FAC8-E278-4B96-AF6B-1F489C68900F}.Release|Any CPU.ActiveCfg = Release|Any CPU
		{8BA6FAC8-E278-4B96-AF6B-1F489C68900F}.Release|Any CPU.Build.0 = Release|Any CPU
	EndGlobalSection
	GlobalSection(SolutionProperties) = preSolution
		HideSolutionNode = FALSE
	EndGlobalSection
	GlobalSection(ExtensibilityGlobals) = postSolution
		SolutionGuid = {D5D31EC3-C58C-4B47-B64B-13CDA8CC03EA}
	EndGlobalSection
EndGlobal
